
Microsoft Visual Studio Solution File, Format Version 12.00
# Visual Studio Version 17
VisualStudioVersion = 17.10.34928.147
MinimumVisualStudioVersion = 10.0.40219.1
Project("{FAE04EC0-301F-11D3-BF4B-00C04F79EFBC}") = "ReverseWord", "ReverseWord\ReverseWord.csproj", "{5460645D-06DC-418D-BA5D-5F496413C356}"
EndProject
Project("{FAE04EC0-301F-11D3-BF4B-00C04F79EFBC}") = "ReverseWord_Test", "ReverseWord_Test\ReverseWord_Test.csproj", "{1AD0A74B-693E-448C-AFBF-7D73A56BBEA6}"
EndProject
Global
	GlobalSection(SolutionConfigurationPlatforms) = preSolution
		Debug|Any CPU = Debug|Any CPU
		Release|Any CPU = Release|Any CPU
	EndGlobalSection
	GlobalSection(ProjectConfigurationPlatforms) = postSolution
		{5460645D-06DC-418D-BA5D-5F496413C356}.Debug|Any CPU.ActiveCfg = Debug|Any CPU
		{5460645D-06DC-418D-BA5D-5F496413C356}.Debug|Any CPU.Build.0 = Debug|Any CPU
		{5460645D-06DC-418D-BA5D-5F496413C356}.Release|Any CPU.ActiveCfg = Release|Any CPU
		{5460645D-06DC-418D-BA5D-5F496413C356}.Release|Any CPU.Build.0 = Release|Any CPU
		{1AD0A74B-693E-448C-AFBF-7D73A56BBEA6}.Debug|Any CPU.ActiveCfg = Debug|Any CPU
		{1AD0A74B-693E-448C-AFBF-7D73A56BBEA6}.Debug|Any CPU.Build.0 = Debug|Any CPU
		{1AD0A74B-693E-448C-AFBF-7D73A56BBEA6}.Release|Any CPU.ActiveCfg = Release|Any CPU
		{1AD0A74B-693E-448C-AFBF-7D73A56BBEA6}.Release|Any CPU.Build.0 = Release|Any CPU
	EndGlobalSection
	GlobalSection(SolutionProperties) = preSolution
		HideSolutionNode = FALSE
	EndGlobalSection
	GlobalSection(ExtensibilityGlobals) = postSolution
		SolutionGuid = {EB18E7FE-9721-4BBC-A009-8EE2B29F51E0}
	EndGlobalSection
EndGlobal
