
Microsoft Visual Studio Solution File, Format Version 12.00
# Visual Studio Version 17
VisualStudioVersion = 17.10.35027.167
MinimumVisualStudioVersion = 10.0.40219.1
Project("{FAE04EC0-301F-11D3-BF4B-00C04F79EFBC}") = "StackAndQueue", "StackAndQueue\StackAndQueue.csproj", "{20255A30-5C20-4F1B-96F1-2C9DBE275CBE}"
EndProject
Project("{FAE04EC0-301F-11D3-BF4B-00C04F79EFBC}") = "Stack_queue_Test", "Stack_queue_Test\Stack_queue_Test.csproj", "{317C517F-4DAF-413C-BEE3-430D08B8E7A1}"
EndProject
Global
	GlobalSection(SolutionConfigurationPlatforms) = preSolution
		Debug|Any CPU = Debug|Any CPU
		Release|Any CPU = Release|Any CPU
	EndGlobalSection
	GlobalSection(ProjectConfigurationPlatforms) = postSolution
		{20255A30-5C20-4F1B-96F1-2C9DBE275CBE}.Debug|Any CPU.ActiveCfg = Debug|Any CPU
		{20255A30-5C20-4F1B-96F1-2C9DBE275CBE}.Debug|Any CPU.Build.0 = Debug|Any CPU
		{20255A30-5C20-4F1B-96F1-2C9DBE275CBE}.Release|Any CPU.ActiveCfg = Release|Any CPU
		{20255A30-5C20-4F1B-96F1-2C9DBE275CBE}.Release|Any CPU.Build.0 = Release|Any CPU
		{317C517F-4DAF-413C-BEE3-430D08B8E7A1}.Debug|Any CPU.ActiveCfg = Debug|Any CPU
		{317C517F-4DAF-413C-BEE3-430D08B8E7A1}.Debug|Any CPU.Build.0 = Debug|Any CPU
		{317C517F-4DAF-413C-BEE3-430D08B8E7A1}.Release|Any CPU.ActiveCfg = Release|Any CPU
		{317C517F-4DAF-413C-BEE3-430D08B8E7A1}.Release|Any CPU.Build.0 = Release|Any CPU
	EndGlobalSection
	GlobalSection(SolutionProperties) = preSolution
		HideSolutionNode = FALSE
	EndGlobalSection
	GlobalSection(ExtensibilityGlobals) = postSolution
		SolutionGuid = {4B89F708-5054-4450-A438-E00114B50F3E}
	EndGlobalSection
EndGlobal
