
Microsoft Visual Studio Solution File, Format Version 12.00
# Visual Studio Version 17
VisualStudioVersion = 17.10.34928.147
MinimumVisualStudioVersion = 10.0.40219.1
Project("{FAE04EC0-301F-11D3-BF4B-00C04F79EFBC}") = "LinkedList", "LinkedList\LinkedList.csproj", "{36259140-3722-4D15-A970-F43B3CAC954F}"
EndProject
Project("{FAE04EC0-301F-11D3-BF4B-00C04F79EFBC}") = "LinkedList_test", "LinkedList_test\LinkedList_test.csproj", "{D2CF96A2-B605-446B-AD00-D630E49571E9}"
EndProject
Global
	GlobalSection(SolutionConfigurationPlatforms) = preSolution
		Debug|Any CPU = Debug|Any CPU
		Release|Any CPU = Release|Any CPU
	EndGlobalSection
	GlobalSection(ProjectConfigurationPlatforms) = postSolution
		{36259140-3722-4D15-A970-F43B3CAC954F}.Debug|Any CPU.ActiveCfg = Debug|Any CPU
		{36259140-3722-4D15-A970-F43B3CAC954F}.Debug|Any CPU.Build.0 = Debug|Any CPU
		{36259140-3722-4D15-A970-F43B3CAC954F}.Release|Any CPU.ActiveCfg = Release|Any CPU
		{36259140-3722-4D15-A970-F43B3CAC954F}.Release|Any CPU.Build.0 = Release|Any CPU
		{D2CF96A2-B605-446B-AD00-D630E49571E9}.Debug|Any CPU.ActiveCfg = Debug|Any CPU
		{D2CF96A2-B605-446B-AD00-D630E49571E9}.Debug|Any CPU.Build.0 = Debug|Any CPU
		{D2CF96A2-B605-446B-AD00-D630E49571E9}.Release|Any CPU.ActiveCfg = Release|Any CPU
		{D2CF96A2-B605-446B-AD00-D630E49571E9}.Release|Any CPU.Build.0 = Release|Any CPU
	EndGlobalSection
	GlobalSection(SolutionProperties) = preSolution
		HideSolutionNode = FALSE
	EndGlobalSection
	GlobalSection(ExtensibilityGlobals) = postSolution
		SolutionGuid = {309CFB9C-441B-4E56-A80E-459693025E77}
	EndGlobalSection
EndGlobal
